<?xml version="1.0" encoding="utf-8"?>
<Project ToolsVersion="4.0" xmlns="http://schemas.microsoft.com/developer/msbuild/2003">
  <ItemGroup>
    <Filter Include="Source Files">
      <UniqueIdentifier>{4FC737F1-C7A5-4376-A066-2A32D752A2FF}</UniqueIdentifier>
      <Extensions>cpp;c;cc;cxx;def;odl;idl;hpj;bat;asm;asmx</Extensions>
    </Filter>
    <Filter Include="Header Files">
      <UniqueIdentifier>{93995380-89BD-4b04-88EB-625FBE52EBFB}</UniqueIdentifier>
      <Extensions>h;hh;hpp;hxx;hm;inl;inc;xsd</Extensions>
    </Filter>
    <Filter Include="Resource Files">
      <UniqueIdentifier>{67DA6AB6-F800-4c08-8B7A-83BB121AAD01}</UniqueIdentifier>
      <Extensions>rc;ico;cur;bmp;dlg;rc2;rct;bin;rgs;gif;jpg;jpeg;jpe;resx;tiff;tif;png;wav;mfcribbon-ms</Extensions>
    </Filter>
    <Filter Include="Inc">
      <UniqueIdentifier>{4f139ed9-fd3b-4585-8751-42488679710b}</UniqueIdentifier>
    </Filter>
    <Filter Include="Messages">
      <UniqueIdentifier>{eafa5bf0-77d6-4a5d-8663-25dc8b7034f8}</UniqueIdentifier>
    </Filter>
    <Filter Include="Protobuf">
      <UniqueIdentifier>{2a974c99-23e0-4ab9-af34-95f1f39a8c81}</UniqueIdentifier>
    </Filter>
  </ItemGroup>
  <ItemGroup>
    <Text Include="ReadMe.txt" />
  </ItemGroup>
  <ItemGroup>
    <ClInclude Include="stdafx.h">
      <Filter>Header Files</Filter>
    </ClInclude>
    <ClInclude Include="targetver.h">
      <Filter>Header Files</Filter>
    </ClInclude>
    <ClInclude Include="SocketAddress.h">
      <Filter>Inc</Filter>
    </ClInclude>
    <ClInclude Include="UDPSocket.h">
      <Filter>Inc</Filter>
    </ClInclude>
    <ClInclude Include="SocketUtil.h">
      <Filter>Inc</Filter>
    </ClInclude>
    <ClInclude Include="StringUtils.h">
      <Filter>Inc</Filter>
    </ClInclude>
    <ClInclude Include="TCPSocket.h">
      <Filter>Inc</Filter>
    </ClInclude>
    <ClInclude Include="..\Protobuf\S2C\Text.pb.h">
      <Filter>Protobuf</Filter>
    </ClInclude>
    <ClInclude Include="ProtobufSerializerUtil.h">
      <Filter>Inc</Filter>
    </ClInclude>
    <ClInclude Include="ProtobufDeserializerUtil.h">
      <Filter>Inc</Filter>
    </ClInclude>
    <ClInclude Include="GameMessage.h">
      <Filter>Inc</Filter>
    </ClInclude>
    <ClInclude Include="MessageText.h">
      <Filter>Inc</Filter>
    </ClInclude>
  </ItemGroup>
  <ItemGroup>
    <ClCompile Include="stdafx.cpp">
      <Filter>Source Files</Filter>
    </ClCompile>
    <ClCompile Include="SimpleServer.cpp">
      <Filter>Source Files</Filter>
    </ClCompile>
    <ClCompile Include="SocketAddressFactory.cpp">
      <Filter>Source Files</Filter>
    </ClCompile>
    <ClCompile Include="SocketAddress.cpp">
      <Filter>Source Files</Filter>
    </ClCompile>
    <ClCompile Include="UDPSocket.cpp">
      <Filter>Source Files</Filter>
    </ClCompile>
    <ClCompile Include="SocketUtil.cpp">
      <Filter>Source Files</Filter>
    </ClCompile>
    <ClCompile Include="TCPSocket.cpp">
      <Filter>Source Files</Filter>
    </ClCompile>
    <ClCompile Include="..\Protobuf\S2C\Text.pb.cc">
      <Filter>Protobuf</Filter>
    </ClCompile>
    <ClCompile Include="GameMessage.cpp">
      <Filter>Source Files</Filter>
    </ClCompile>
    <ClCompile Include="ProtobufSerializerUtil.cpp">
      <Filter>Source Files</Filter>
    </ClCompile>
    <ClCompile Include="MessageText.cpp">
      <Filter>Source Files</Filter>
    </ClCompile>
  </ItemGroup>
</Project>